// !$*UTF8*$!
{
	archiveVersion = 1;
	classes = {
	};
	objectVersion = 46;
	objects = {

/* Begin PBXBuildFile section */
		24D9FFB31A0C319E007C1260 /* AppDelegate.swift in Sources */ = {isa = PBXBuildFile; fileRef = 24D9FFB21A0C319E007C1260 /* AppDelegate.swift */; };
		24D9FFB51A0C319E007C1260 /* ViewController.swift in Sources */ = {isa = PBXBuildFile; fileRef = 24D9FFB41A0C319E007C1260 /* ViewController.swift */; };
		24D9FFB81A0C319E007C1260 /* Main.storyboard in Resources */ = {isa = PBXBuildFile; fileRef = 24D9FFB61A0C319E007C1260 /* Main.storyboard */; };
		24D9FFBA1A0C319E007C1260 /* Images.xcassets in Resources */ = {isa = PBXBuildFile; fileRef = 24D9FFB91A0C319E007C1260 /* Images.xcassets */; };
		24D9FFBD1A0C319E007C1260 /* LaunchScreen.xib in Resources */ = {isa = PBXBuildFile; fileRef = 24D9FFBB1A0C319E007C1260 /* LaunchScreen.xib */; };
		24D9FFC91A0C319E007C1260 /* GPLineChartTests.swift in Sources */ = {isa = PBXBuildFile; fileRef = 24D9FFC81A0C319E007C1260 /* GPLineChartTests.swift */; };
/* End PBXBuildFile section */

/* Begin PBXContainerItemProxy section */
		24D9FFC31A0C319E007C1260 /* PBXContainerItemProxy */ = {
			isa = PBXContainerItemProxy;
			containerPortal = 24D9FFA51A0C319E007C1260 /* Project object */;
			proxyType = 1;
			remoteGlobalIDString = 24D9FFAC1A0C319E007C1260;
			remoteInfo = GPLineChart;
		};
/* End PBXContainerItemProxy section */

/* Begin PBXFileReference section */
		24D9FFAD1A0C319E007C1260 /* GPLineChart.app */ = {isa = PBXFileReference; explicitFileType = wrapper.application; includeInIndex = 0; path = GPLineChart.app; sourceTree = BUILT_PRODUCTS_DIR; };
		24D9FFB11A0C319E007C1260 /* Info.plist */ = {isa = PBXFileReference; lastKnownFileType = text.plist.xml; path = Info.plist; sourceTree = "<group>"; };
		24D9FFB21A0C319E007C1260 /* AppDelegate.swift */ = {isa = PBXFileReference; lastKnownFileType = sourcecode.swift; path = AppDelegate.swift; sourceTree = "<group>"; };
		24D9FFB41A0C319E007C1260 /* ViewController.swift */ = {isa = PBXFileReference; lastKnownFileType = sourcecode.swift; path = ViewController.swift; sourceTree = "<group>"; };
		24D9FFB71A0C319E007C1260 /* Base */ = {isa = PBXFileReference; lastKnownFileType = file.storyboard; name = Base; path = Base.lproj/Main.storyboard; sourceTree = "<group>"; };
		24D9FFB91A0C319E007C1260 /* Images.xcassets */ = {isa = PBXFileReference; lastKnownFileType = folder.assetcatalog; path = Images.xcassets; sourceTree = "<group>"; };
		24D9FFBC1A0C319E007C1260 /* Base */ = {isa = PBXFileReference; lastKnownFileType = file.xib; name = Base; path = Base.lproj/LaunchScreen.xib; sourceTree = "<group>"; };
		24D9FFC21A0C319E007C1260 /* GPLineChartTests.xctest */ = {isa = PBXFileReference; explicitFileType = wrapper.cfbundle; includeInIndex = 0; path = GPLineChartTests.xctest; sourceTree = BUILT_PRODUCTS_DIR; };
		24D9FFC71A0C319E007C1260 /* Info.plist */ = {isa = PBXFileReference; lastKnownFileType = text.plist.xml; path = Info.plist; sourceTree = "<group>"; };
		24D9FFC81A0C319E007C1260 /* GPLineChartTests.swift */ = {isa = PBXFileReference; lastKnownFileType = sourcecode.swift; path = GPLineChartTests.swift; sourceTree = "<group>"; };
/* End PBXFileReference section */

/* Begin PBXFrameworksBuildPhase section */
		24D9FFAA1A0C319E007C1260 /* Frameworks */ = {
			isa = PBXFrameworksBuildPhase;
			buildActionMask = 2147483647;
			files = (
			);
			runOnlyForDeploymentPostprocessing = 0;
		};
		24D9FFBF1A0C319E007C1260 /* Frameworks */ = {
			isa = PBXFrameworksBuildPhase;
			buildActionMask = 2147483647;
			files = (
			);
			runOnlyForDeploymentPostprocessing = 0;
		};
/* End PBXFrameworksBuildPhase section */

/* Begin PBXGroup section */
		24D9FFA41A0C319E007C1260 = {
			isa = PBXGroup;
			children = (
				24D9FFAF1A0C319E007C1260 /* GPLineChart */,
				24D9FFC51A0C319E007C1260 /* GPLineChartTests */,
				24D9FFAE1A0C319E007C1260 /* Products */,
			);
			sourceTree = "<group>";
		};
		24D9FFAE1A0C319E007C1260 /* Products */ = {
			isa = PBXGroup;
			children = (
				24D9FFAD1A0C319E007C1260 /* GPLineChart.app */,
				24D9FFC21A0C319E007C1260 /* GPLineChartTests.xctest */,
			);
			name = Products;
			sourceTree = "<group>";
		};
		24D9FFAF1A0C319E007C1260 /* GPLineChart */ = {
			isa = PBXGroup;
			children = (
				24D9FFB21A0C319E007C1260 /* AppDelegate.swift */,
				24D9FFB41A0C319E007C1260 /* ViewController.swift */,
				24D9FFB61A0C319E007C1260 /* Main.storyboard */,
				24D9FFB91A0C319E007C1260 /* Images.xcassets */,
				24D9FFBB1A0C319E007C1260 /* LaunchScreen.xib */,
				24D9FFB01A0C319E007C1260 /* Supporting Files */,
			);
			path = GPLineChart;
			sourceTree = "<group>";
		};
		24D9FFB01A0C319E007C1260 /* Supporting Files */ = {
			isa = PBXGroup;
			children = (
				24D9FFB11A0C319E007C1260 /* Info.plist */,
			);
			name = "Supporting Files";
			sourceTree = "<group>";
		};
		24D9FFC51A0C319E007C1260 /* GPLineChartTests */ = {
			isa = PBXGroup;
			children = (
				24D9FFC81A0C319E007C1260 /* GPLineChartTests.swift */,
				24D9FFC61A0C319E007C1260 /* Supporting Files */,
			);
			path = GPLineChartTests;
			sourceTree = "<group>";
		};
		24D9FFC61A0C319E007C1260 /* Supporting Files */ = {
			isa = PBXGroup;
			children = (
				24D9FFC71A0C319E007C1260 /* Info.plist */,
			);
			name = "Supporting Files";
			sourceTree = "<group>";
		};
/* End PBXGroup section */

/* Begin PBXNativeTarget section */
		24D9FFAC1A0C319E007C1260 /* GPLineChart */ = {
			isa = PBXNativeTarget;
			buildConfigurationList = 24D9FFCC1A0C319E007C1260 /* Build configuration list for PBXNativeTarget "GPLineChart" */;
			buildPhases = (
				24D9FFA91A0C319E007C1260 /* Sources */,
				24D9FFAA1A0C319E007C1260 /* Frameworks */,
				24D9FFAB1A0C319E007C1260 /* Resources */,
			);
			buildRules = (
			);
			dependencies = (
			);
			name = GPLineChart;
			productName = GPLineChart;
			productReference = 24D9FFAD1A0C319E007C1260 /* GPLineChart.app */;
			productType = "com.apple.product-type.application";
		};
		24D9FFC11A0C319E007C1260 /* GPLineChartTests */ = {
			isa = PBXNativeTarget;
			buildConfigurationList = 24D9FFCF1A0C319E007C1260 /* Build configuration list for PBXNativeTarget "GPLineChartTests" */;
			buildPhases = (
				24D9FFBE1A0C319E007C1260 /* Sources */,
				24D9FFBF1A0C319E007C1260 /* Frameworks */,
				24D9FFC01A0C319E007C1260 /* Resources */,
			);
			buildRules = (
			);
			dependencies = (
				24D9FFC41A0C319E007C1260 /* PBXTargetDependency */,
			);
			name = GPLineChartTests;
			productName = GPLineChartTests;
			productReference = 24D9FFC21A0C319E007C1260 /* GPLineChartTests.xctest */;
			productType = "com.apple.product-type.bundle.unit-test";
		};
/* End PBXNativeTarget section */

/* Begin PBXProject section */
		24D9FFA51A0C319E007C1260 /* Project object */ = {
			isa = PBXProject;
			attributes = {
				LastUpgradeCheck = 0610;
				TargetAttributes = {
					24D9FFAC1A0C319E007C1260 = {
						CreatedOnToolsVersion = 6.1;
					};
					24D9FFC11A0C319E007C1260 = {
						CreatedOnToolsVersion = 6.1;
						TestTargetID = 24D9FFAC1A0C319E007C1260;
					};
				};
			};
			buildConfigurationList = 24D9FFA81A0C319E007C1260 /* Build configuration list for PBXProject "GPLineChart" */;
			compatibilityVersion = "Xcode 3.2";
			developmentRegion = English;
			hasScannedForEncodings = 0;
			knownRegions = (
				en,
				Base,
			);
			mainGroup = 24D9FFA41A0C319E007C1260;
			productRefGroup = 24D9FFAE1A0C319E007C1260 /* Products */;
			projectDirPath = "";
			projectRoot = "";
			targets = (
				24D9FFAC1A0C319E007C1260 /* GPLineChart */,
				24D9FFC11A0C319E007C1260 /* GPLineChartTests */,
			);
		};
/* End PBXProject section */

/* Begin PBXResourcesBuildPhase section */
		24D9FFAB1A0C319E007C1260 /* Resources */ = {
			isa = PBXResourcesBuildPhase;
			buildActionMask = 2147483647;
			files = (
				24D9FFB81A0C319E007C1260 /* Main.storyboard in Resources */,
				24D9FFBD1A0C319E007C1260 /* LaunchScreen.xib in Resources */,
				24D9FFBA1A0C319E007C1260 /* Images.xcassets in Resources */,
			);
			runOnlyForDeploymentPostprocessing = 0;
		};
		24D9FFC01A0C319E007C1260 /* Resources */ = {
			isa = PBXResourcesBuildPhase;
			buildActionMask = 2147483647;
			files = (
			);
			runOnlyForDeploymentPostprocessing = 0;
		};
/* End PBXResourcesBuildPhase section */

/* Begin PBXSourcesBuildPhase section */
		24D9FFA91A0C319E007C1260 /* Sources */ = {
			isa = PBXSourcesBuildPhase;
			buildActionMask = 2147483647;
			files = (
				24D9FFB51A0C319E007C1260 /* ViewController.swift in Sources */,
				24D9FFB31A0C319E007C1260 /* AppDelegate.swift in Sources */,
			);
			runOnlyForDeploymentPostprocessing = 0;
		};
		24D9FFBE1A0C319E007C1260 /* Sources */ = {
			isa = PBXSourcesBuildPhase;
			buildActionMask = 2147483647;
			files = (
				24D9FFC91A0C319E007C1260 /* GPLineChartTests.swift in Sources */,
			);
			runOnlyForDeploymentPostprocessing = 0;
		};
/* End PBXSourcesBuildPhase section */

/* Begin PBXTargetDependency section */
		24D9FFC41A0C319E007C1260 /* PBXTargetDependency */ = {
			isa = PBXTargetDependency;
			target = 24D9FFAC1A0C319E007C1260 /* GPLineChart */;
			targetProxy = 24D9FFC31A0C319E007C1260 /* PBXContainerItemProxy */;
		};
/* End PBXTargetDependency section */

/* Begin PBXVariantGroup section */
		24D9FFB61A0C319E007C1260 /* Main.storyboard */ = {
			isa = PBXVariantGroup;
			children = (
				24D9FFB71A0C319E007C1260 /* Base */,
			);
			name = Main.storyboard;
			sourceTree = "<group>";
		};
		24D9FFBB1A0C319E007C1260 /* LaunchScreen.xib */ = {
			isa = PBXVariantGroup;
			children = (
				24D9FFBC1A0C319E007C1260 /* Base */,
			);
			name = LaunchScreen.xib;
			sourceTree = "<group>";
		};
/* End PBXVariantGroup section */

/* Begin XCBuildConfiguration section */
		24D9FFCA1A0C319E007C1260 /* Debug */ = {
			isa = XCBuildConfiguration;
			buildSettings = {
				ALWAYS_SEARCH_USER_PATHS = NO;
				CLANG_CXX_LANGUAGE_STANDARD = "gnu++0x";
				CLANG_CXX_LIBRARY = "libc++";
				CLANG_ENABLE_MODULES = YES;
				CLANG_ENABLE_OBJC_ARC = YES;
				CLANG_WARN_BOOL_CONVERSION = YES;
				CLANG_WARN_CONSTANT_CONVERSION = YES;
				CLANG_WARN_DIRECT_OBJC_ISA_USAGE = YES_ERROR;
				CLANG_WARN_EMPTY_BODY = YES;
				CLANG_WARN_ENUM_CONVERSION = YES;
				CLANG_WARN_INT_CONVERSION = YES;
				CLANG_WARN_OBJC_ROOT_CLASS = YES_ERROR;
				CLANG_WARN_UNREACHABLE_CODE = YES;
				CLANG_WARN__DUPLICATE_METHOD_MATCH = YES;
				"CODE_SIGN_IDENTITY[sdk=iphoneos*]" = "iPhone Developer";
				COPY_PHASE_STRIP = NO;
				ENABLE_STRICT_OBJC_MSGSEND = YES;
				GCC_C_LANGUAGE_STANDARD = gnu99;
				GCC_DYNAMIC_NO_PIC = NO;
				GCC_OPTIMIZATION_LEVEL = 0;
				GCC_PREPROCESSOR_DEFINITIONS = (
					"DEBUG=1",
					"$(inherited)",
				);
				GCC_SYMBOLS_PRIVATE_EXTERN = NO;
				GCC_WARN_64_TO_32_BIT_CONVERSION = YES;
				GCC_WARN_ABOUT_RETURN_TYPE = YES_ERROR;
				GCC_WARN_UNDECLARED_SELECTOR = YES;
				GCC_WARN_UNINITIALIZED_AUTOS = YES_AGGRESSIVE;
				GCC_WARN_UNUSED_FUNCTION = YES;
				GCC_WARN_UNUSED_VARIABLE = YES;
				IPHONEOS_DEPLOYMENT_TARGET = 8.1;
				MTL_ENABLE_DEBUG_INFO = YES;
				ONLY_ACTIVE_ARCH = YES;
				SDKROOT = iphoneos;
				SWIFT_OPTIMIZATION_LEVEL = "-Onone";
				TARGETED_DEVICE_FAMILY = "1,2";
			};
			name = Debug;
		};
		24D9FFCB1A0C319E007C1260 /* Release */ = {
			isa = XCBuildConfiguration;
			buildSettings = {
				ALWAYS_SEARCH_USER_PATHS = NO;
				CLANG_CXX_LANGUAGE_STANDARD = "gnu++0x";
				CLANG_CXX_LIBRARY = "libc++";
				CLANG_ENABLE_MODULES = YES;
				CLANG_ENABLE_OBJC_ARC = YES;
				CLANG_WARN_BOOL_CONVERSION = YES;
				CLANG_WARN_CONSTANT_CONVERSION = YES;
				CLANG_WARN_DIRECT_OBJC_ISA_USAGE = YES_ERROR;
				CLANG_WARN_EMPTY_BODY = YES;
				CLANG_WARN_ENUM_CONVERSION = YES;
				CLANG_WARN_INT_CONVERSION = YES;
				CLANG_WARN_OBJC_ROOT_CLASS = YES_ERROR;
				CLANG_WARN_UNREACHABLE_CODE = YES;
				CLANG_WARN__DUPLICATE_METHOD_MATCH = YES;
				"CODE_SIGN_IDENTITY[sdk=iphoneos*]" = "iPhone Developer";
				COPY_PHASE_STRIP = YES;
				ENABLE_NS_ASSERTIONS = NO;
				ENABLE_STRICT_OBJC_MSGSEND = YES;
				GCC_C_LANGUAGE_STANDARD = gnu99;
				GCC_WARN_64_TO_32_BIT_CONVERSION = YES;
				GCC_WARN_ABOUT_RETURN_TYPE = YES_ERROR;
				GCC_WARN_UNDECLARED_SELECTOR = YES;
				GCC_WARN_UNINITIALIZED_AUTOS = YES_AGGRESSIVE;
				GCC_WARN_UNUSED_FUNCTION = YES;
				GCC_WARN_UNUSED_VARIABLE = YES;
				IPHONEOS_DEPLOYMENT_TARGET = 8.1;
				MTL_ENABLE_DEBUG_INFO = NO;
				SDKROOT = iphoneos;
				TARGETED_DEVICE_FAMILY = "1,2";
				VALIDATE_PRODUCT = YES;
			};
			name = Release;
		};
		24D9FFCD1A0C319E007C1260 /* Debug */ = {
			isa = XCBuildConfiguration;
			buildSettings = {
				ASSETCATALOG_COMPILER_APPICON_NAME = AppIcon;
				INFOPLIST_FILE = GPLineChart/Info.plist;
				LD_RUNPATH_SEARCH_PATHS = "$(inherited) @executable_path/Frameworks";
				PRODUCT_NAME = "$(TARGET_NAME)";
			};
			name = Debug;
		};
		24D9FFCE1A0C319E007C1260 /* Release */ = {
			isa = XCBuildConfiguration;
			buildSettings = {
				ASSETCATALOG_COMPILER_APPICON_NAME = AppIcon;
				INFOPLIST_FILE = GPLineChart/Info.plist;
				LD_RUNPATH_SEARCH_PATHS = "$(inherited) @executable_path/Frameworks";
				PRODUCT_NAME = "$(TARGET_NAME)";
			};
			name = Release;
		};
		24D9FFD01A0C319E007C1260 /* Debug */ = {
			isa = XCBuildConfiguration;
			buildSettings = {
				BUNDLE_LOADER = "$(TEST_HOST)";
				FRAMEWORK_SEARCH_PATHS = (
					"$(SDKROOT)/Developer/Library/Frameworks",
					"$(inherited)",
				);
				GCC_PREPROCESSOR_DEFINITIONS = (
					"DEBUG=1",
					"$(inherited)",
				);
				INFOPLIST_FILE = GPLineChartTests/Info.plist;
				LD_RUNPATH_SEARCH_PATHS = "$(inherited) @executable_path/Frameworks @loader_path/Frameworks";
				PRODUCT_NAME = "$(TARGET_NAME)";
				TEST_HOST = "$(BUILT_PRODUCTS_DIR)/GPLineChart.app/GPLineChart";
			};
			name = Debug;
		};
		24D9FFD11A0C319E007C1260 /* Release */ = {
			isa = XCBuildConfiguration;
			buildSettings = {
				BUNDLE_LOADER = "$(TEST_HOST)";
				FRAMEWORK_SEARCH_PATHS = (
					"$(SDKROOT)/Developer/Library/Frameworks",
					"$(inherited)",
				);
				INFOPLIST_FILE = GPLineChartTests/Info.plist;
				LD_RUNPATH_SEARCH_PATHS = "$(inherited) @executable_path/Frameworks @loader_path/Frameworks";
				PRODUCT_NAME = "$(TARGET_NAME)";
				TEST_HOST = "$(BUILT_PRODUCTS_DIR)/GPLineChart.app/GPLineChart";
			};
			name = Release;
		};
/* End XCBuildConfiguration section */

/* Begin XCConfigurationList section */
		24D9FFA81A0C319E007C1260 /* Build configuration list for PBXProject "GPLineChart" */ = {
			isa = XCConfigurationList;
			buildConfigurations = (
				24D9FFCA1A0C319E007C1260 /* Debug */,
				24D9FFCB1A0C319E007C1260 /* Release */,
			);
			defaultConfigurationIsVisible = 0;
			defaultConfigurationName = Release;
		};
		24D9FFCC1A0C319E007C1260 /* Build configuration list for PBXNativeTarget "GPLineChart" */ = {
			isa = XCConfigurationList;
			buildConfigurations = (
				24D9FFCD1A0C319E007C1260 /* Debug */,
				24D9FFCE1A0C319E007C1260 /* Release */,
			);
			defaultConfigurationIsVisible = 0;
		};
		24D9FFCF1A0C319E007C1260 /* Build configuration list for PBXNativeTarget "GPLineChartTests" */ = {
			isa = XCConfigurationList;
			buildConfigurations = (
				24D9FFD01A0C319E007C1260 /* Debug */,
				24D9FFD11A0C319E007C1260 /* Release */,
			);
			defaultConfigurationIsVisible = 0;
		};
/* End XCConfigurationList section */
	};
	rootObject = 24D9FFA51A0C319E007C1260 /* Project object */;
}
