// !$*UTF8*$!
{
	archiveVersion = 1;
	classes = {
	};
	objectVersion = 46;
	objects = {

/* Begin PBXBuildFile section */
		236D39C21B3C906000C21380 /* BasicChartViewController.swift in Sources */ = {isa = PBXBuildFile; fileRef = 236D39BF1B3C906000C21380 /* BasicChartViewController.swift */; };
		236D39C31B3C906000C21380 /* StockChartViewController.swift in Sources */ = {isa = PBXBuildFile; fileRef = 236D39C01B3C906000C21380 /* StockChartViewController.swift */; };
		236D39C41B3C906000C21380 /* TableViewController.swift in Sources */ = {isa = PBXBuildFile; fileRef = 236D39C11B3C906000C21380 /* TableViewController.swift */; };
		236D39CA1B3C959300C21380 /* Chart.swift in Sources */ = {isa = PBXBuildFile; fileRef = 236D39C71B3C959300C21380 /* Chart.swift */; };
		236D39CB1B3C959300C21380 /* ChartColors.swift in Sources */ = {isa = PBXBuildFile; fileRef = 236D39C81B3C959300C21380 /* ChartColors.swift */; };
		236D39CC1B3C959300C21380 /* ChartSeries.swift in Sources */ = {isa = PBXBuildFile; fileRef = 236D39C91B3C959300C21380 /* ChartSeries.swift */; };
		23B8DF341B3C0811005A881F /* AppDelegate.swift in Sources */ = {isa = PBXBuildFile; fileRef = 23B8DF331B3C0811005A881F /* AppDelegate.swift */; };
		23B8DF3B1B3C0811005A881F /* Images.xcassets in Resources */ = {isa = PBXBuildFile; fileRef = 23B8DF3A1B3C0811005A881F /* Images.xcassets */; };
		23B8DF3E1B3C0811005A881F /* LaunchScreen.xib in Resources */ = {isa = PBXBuildFile; fileRef = 23B8DF3C1B3C0811005A881F /* LaunchScreen.xib */; };
		23B8DF4A1B3C0811005A881F /* SwiftChartTests.swift in Sources */ = {isa = PBXBuildFile; fileRef = 23B8DF491B3C0811005A881F /* SwiftChartTests.swift */; };
		23B8DF5A1B3C083B005A881F /* Main.storyboard in Resources */ = {isa = PBXBuildFile; fileRef = 23B8DF591B3C083B005A881F /* Main.storyboard */; };
		23B8DF5C1B3C0842005A881F /* AAPL.json in Resources */ = {isa = PBXBuildFile; fileRef = 23B8DF5B1B3C0842005A881F /* AAPL.json */; };
/* End PBXBuildFile section */

/* Begin PBXContainerItemProxy section */
		23B8DF441B3C0811005A881F /* PBXContainerItemProxy */ = {
			isa = PBXContainerItemProxy;
			containerPortal = 23B8DF261B3C0811005A881F /* Project object */;
			proxyType = 1;
			remoteGlobalIDString = 23B8DF2D1B3C0811005A881F;
			remoteInfo = SwiftChart;
		};
/* End PBXContainerItemProxy section */

/* Begin PBXFileReference section */
		236D39BF1B3C906000C21380 /* BasicChartViewController.swift */ = {isa = PBXFileReference; fileEncoding = 4; lastKnownFileType = sourcecode.swift; name = BasicChartViewController.swift; path = ViewControllers/BasicChartViewController.swift; sourceTree = "<group>"; };
		236D39C01B3C906000C21380 /* StockChartViewController.swift */ = {isa = PBXFileReference; fileEncoding = 4; lastKnownFileType = sourcecode.swift; name = StockChartViewController.swift; path = ViewControllers/StockChartViewController.swift; sourceTree = "<group>"; };
		236D39C11B3C906000C21380 /* TableViewController.swift */ = {isa = PBXFileReference; fileEncoding = 4; lastKnownFileType = sourcecode.swift; name = TableViewController.swift; path = ViewControllers/TableViewController.swift; sourceTree = "<group>"; };
		236D39C71B3C959300C21380 /* Chart.swift */ = {isa = PBXFileReference; fileEncoding = 4; lastKnownFileType = sourcecode.swift; name = Chart.swift; path = Chart/Chart.swift; sourceTree = SOURCE_ROOT; };
		236D39C81B3C959300C21380 /* ChartColors.swift */ = {isa = PBXFileReference; fileEncoding = 4; lastKnownFileType = sourcecode.swift; name = ChartColors.swift; path = Chart/ChartColors.swift; sourceTree = SOURCE_ROOT; };
		236D39C91B3C959300C21380 /* ChartSeries.swift */ = {isa = PBXFileReference; fileEncoding = 4; lastKnownFileType = sourcecode.swift; name = ChartSeries.swift; path = Chart/ChartSeries.swift; sourceTree = SOURCE_ROOT; };
		23B8DF2E1B3C0811005A881F /* SwiftChart.app */ = {isa = PBXFileReference; explicitFileType = wrapper.application; includeInIndex = 0; path = SwiftChart.app; sourceTree = BUILT_PRODUCTS_DIR; };
		23B8DF321B3C0811005A881F /* Info.plist */ = {isa = PBXFileReference; lastKnownFileType = text.plist.xml; path = Info.plist; sourceTree = "<group>"; };
		23B8DF331B3C0811005A881F /* AppDelegate.swift */ = {isa = PBXFileReference; lastKnownFileType = sourcecode.swift; path = AppDelegate.swift; sourceTree = "<group>"; };
		23B8DF3A1B3C0811005A881F /* Images.xcassets */ = {isa = PBXFileReference; lastKnownFileType = folder.assetcatalog; path = Images.xcassets; sourceTree = "<group>"; };
		23B8DF3D1B3C0811005A881F /* Base */ = {isa = PBXFileReference; lastKnownFileType = file.xib; name = Base; path = Base.lproj/LaunchScreen.xib; sourceTree = "<group>"; };
		23B8DF431B3C0811005A881F /* SwiftChartTests.xctest */ = {isa = PBXFileReference; explicitFileType = wrapper.cfbundle; includeInIndex = 0; path = SwiftChartTests.xctest; sourceTree = BUILT_PRODUCTS_DIR; };
		23B8DF481B3C0811005A881F /* Info.plist */ = {isa = PBXFileReference; lastKnownFileType = text.plist.xml; path = Info.plist; sourceTree = "<group>"; };
		23B8DF491B3C0811005A881F /* SwiftChartTests.swift */ = {isa = PBXFileReference; lastKnownFileType = sourcecode.swift; path = SwiftChartTests.swift; sourceTree = "<group>"; };
		23B8DF591B3C083B005A881F /* Main.storyboard */ = {isa = PBXFileReference; fileEncoding = 4; lastKnownFileType = file.storyboard; path = Main.storyboard; sourceTree = "<group>"; };
		23B8DF5B1B3C0842005A881F /* AAPL.json */ = {isa = PBXFileReference; fileEncoding = 4; lastKnownFileType = text.json; path = AAPL.json; sourceTree = "<group>"; };
/* End PBXFileReference section */

/* Begin PBXFrameworksBuildPhase section */
		23B8DF2B1B3C0811005A881F /* Frameworks */ = {
			isa = PBXFrameworksBuildPhase;
			buildActionMask = 2147483647;
			files = (
			);
			runOnlyForDeploymentPostprocessing = 0;
		};
		23B8DF401B3C0811005A881F /* Frameworks */ = {
			isa = PBXFrameworksBuildPhase;
			buildActionMask = 2147483647;
			files = (
			);
			runOnlyForDeploymentPostprocessing = 0;
		};
/* End PBXFrameworksBuildPhase section */

/* Begin PBXGroup section */
		236D39C51B3C906300C21380 /* ViewControllers */ = {
			isa = PBXGroup;
			children = (
				236D39C11B3C906000C21380 /* TableViewController.swift */,
				236D39BF1B3C906000C21380 /* BasicChartViewController.swift */,
				236D39C01B3C906000C21380 /* StockChartViewController.swift */,
			);
			name = ViewControllers;
			sourceTree = "<group>";
		};
		236D39C61B3C906B00C21380 /* Chart */ = {
			isa = PBXGroup;
			children = (
				236D39C71B3C959300C21380 /* Chart.swift */,
				236D39C81B3C959300C21380 /* ChartColors.swift */,
				236D39C91B3C959300C21380 /* ChartSeries.swift */,
			);
			name = Chart;
			sourceTree = "<group>";
		};
		23B8DF251B3C0811005A881F = {
			isa = PBXGroup;
			children = (
				23B8DF301B3C0811005A881F /* SwiftChart */,
				23B8DF461B3C0811005A881F /* SwiftChartTests */,
				23B8DF2F1B3C0811005A881F /* Products */,
			);
			sourceTree = "<group>";
		};
		23B8DF2F1B3C0811005A881F /* Products */ = {
			isa = PBXGroup;
			children = (
				23B8DF2E1B3C0811005A881F /* SwiftChart.app */,
				23B8DF431B3C0811005A881F /* SwiftChartTests.xctest */,
			);
			name = Products;
			sourceTree = "<group>";
		};
		23B8DF301B3C0811005A881F /* SwiftChart */ = {
			isa = PBXGroup;
			children = (
				23B8DF331B3C0811005A881F /* AppDelegate.swift */,
				23B8DF591B3C083B005A881F /* Main.storyboard */,
				236D39C51B3C906300C21380 /* ViewControllers */,
				236D39C61B3C906B00C21380 /* Chart */,
				23B8DF5B1B3C0842005A881F /* AAPL.json */,
				23B8DF3A1B3C0811005A881F /* Images.xcassets */,
				23B8DF3C1B3C0811005A881F /* LaunchScreen.xib */,
				23B8DF311B3C0811005A881F /* Supporting Files */,
			);
			path = SwiftChart;
			sourceTree = "<group>";
		};
		23B8DF311B3C0811005A881F /* Supporting Files */ = {
			isa = PBXGroup;
			children = (
				23B8DF321B3C0811005A881F /* Info.plist */,
			);
			name = "Supporting Files";
			sourceTree = "<group>";
		};
		23B8DF461B3C0811005A881F /* SwiftChartTests */ = {
			isa = PBXGroup;
			children = (
				23B8DF491B3C0811005A881F /* SwiftChartTests.swift */,
				23B8DF471B3C0811005A881F /* Supporting Files */,
			);
			path = SwiftChartTests;
			sourceTree = "<group>";
		};
		23B8DF471B3C0811005A881F /* Supporting Files */ = {
			isa = PBXGroup;
			children = (
				23B8DF481B3C0811005A881F /* Info.plist */,
			);
			name = "Supporting Files";
			sourceTree = "<group>";
		};
/* End PBXGroup section */

/* Begin PBXNativeTarget section */
		23B8DF2D1B3C0811005A881F /* SwiftChart */ = {
			isa = PBXNativeTarget;
			buildConfigurationList = 23B8DF4D1B3C0811005A881F /* Build configuration list for PBXNativeTarget "SwiftChart" */;
			buildPhases = (
				23B8DF2A1B3C0811005A881F /* Sources */,
				23B8DF2B1B3C0811005A881F /* Frameworks */,
				23B8DF2C1B3C0811005A881F /* Resources */,
			);
			buildRules = (
			);
			dependencies = (
			);
			name = SwiftChart;
			productName = SwiftChart;
			productReference = 23B8DF2E1B3C0811005A881F /* SwiftChart.app */;
			productType = "com.apple.product-type.application";
		};
		23B8DF421B3C0811005A881F /* SwiftChartTests */ = {
			isa = PBXNativeTarget;
			buildConfigurationList = 23B8DF501B3C0811005A881F /* Build configuration list for PBXNativeTarget "SwiftChartTests" */;
			buildPhases = (
				23B8DF3F1B3C0811005A881F /* Sources */,
				23B8DF401B3C0811005A881F /* Frameworks */,
				23B8DF411B3C0811005A881F /* Resources */,
			);
			buildRules = (
			);
			dependencies = (
				23B8DF451B3C0811005A881F /* PBXTargetDependency */,
			);
			name = SwiftChartTests;
			productName = SwiftChartTests;
			productReference = 23B8DF431B3C0811005A881F /* SwiftChartTests.xctest */;
			productType = "com.apple.product-type.bundle.unit-test";
		};
/* End PBXNativeTarget section */

/* Begin PBXProject section */
		23B8DF261B3C0811005A881F /* Project object */ = {
			isa = PBXProject;
			attributes = {
				LastUpgradeCheck = 0630;
				ORGANIZATIONNAME = Manfredi;
				TargetAttributes = {
					23B8DF2D1B3C0811005A881F = {
						CreatedOnToolsVersion = 6.3.2;
					};
					23B8DF421B3C0811005A881F = {
						CreatedOnToolsVersion = 6.3.2;
						TestTargetID = 23B8DF2D1B3C0811005A881F;
					};
				};
			};
			buildConfigurationList = 23B8DF291B3C0811005A881F /* Build configuration list for PBXProject "SwiftChart" */;
			compatibilityVersion = "Xcode 3.2";
			developmentRegion = English;
			hasScannedForEncodings = 0;
			knownRegions = (
				en,
				Base,
			);
			mainGroup = 23B8DF251B3C0811005A881F;
			productRefGroup = 23B8DF2F1B3C0811005A881F /* Products */;
			projectDirPath = "";
			projectRoot = "";
			targets = (
				23B8DF2D1B3C0811005A881F /* SwiftChart */,
				23B8DF421B3C0811005A881F /* SwiftChartTests */,
			);
		};
/* End PBXProject section */

/* Begin PBXResourcesBuildPhase section */
		23B8DF2C1B3C0811005A881F /* Resources */ = {
			isa = PBXResourcesBuildPhase;
			buildActionMask = 2147483647;
			files = (
				23B8DF5A1B3C083B005A881F /* Main.storyboard in Resources */,
				23B8DF3E1B3C0811005A881F /* LaunchScreen.xib in Resources */,
				23B8DF3B1B3C0811005A881F /* Images.xcassets in Resources */,
				23B8DF5C1B3C0842005A881F /* AAPL.json in Resources */,
			);
			runOnlyForDeploymentPostprocessing = 0;
		};
		23B8DF411B3C0811005A881F /* Resources */ = {
			isa = PBXResourcesBuildPhase;
			buildActionMask = 2147483647;
			files = (
			);
			runOnlyForDeploymentPostprocessing = 0;
		};
/* End PBXResourcesBuildPhase section */

/* Begin PBXSourcesBuildPhase section */
		23B8DF2A1B3C0811005A881F /* Sources */ = {
			isa = PBXSourcesBuildPhase;
			buildActionMask = 2147483647;
			files = (
				236D39CA1B3C959300C21380 /* Chart.swift in Sources */,
				236D39C41B3C906000C21380 /* TableViewController.swift in Sources */,
				23B8DF341B3C0811005A881F /* AppDelegate.swift in Sources */,
				236D39C21B3C906000C21380 /* BasicChartViewController.swift in Sources */,
				236D39C31B3C906000C21380 /* StockChartViewController.swift in Sources */,
				236D39CC1B3C959300C21380 /* ChartSeries.swift in Sources */,
				236D39CB1B3C959300C21380 /* ChartColors.swift in Sources */,
			);
			runOnlyForDeploymentPostprocessing = 0;
		};
		23B8DF3F1B3C0811005A881F /* Sources */ = {
			isa = PBXSourcesBuildPhase;
			buildActionMask = 2147483647;
			files = (
				23B8DF4A1B3C0811005A881F /* SwiftChartTests.swift in Sources */,
			);
			runOnlyForDeploymentPostprocessing = 0;
		};
/* End PBXSourcesBuildPhase section */

/* Begin PBXTargetDependency section */
		23B8DF451B3C0811005A881F /* PBXTargetDependency */ = {
			isa = PBXTargetDependency;
			target = 23B8DF2D1B3C0811005A881F /* SwiftChart */;
			targetProxy = 23B8DF441B3C0811005A881F /* PBXContainerItemProxy */;
		};
/* End PBXTargetDependency section */

/* Begin PBXVariantGroup section */
		23B8DF3C1B3C0811005A881F /* LaunchScreen.xib */ = {
			isa = PBXVariantGroup;
			children = (
				23B8DF3D1B3C0811005A881F /* Base */,
			);
			name = LaunchScreen.xib;
			sourceTree = "<group>";
		};
/* End PBXVariantGroup section */

/* Begin XCBuildConfiguration section */
		23B8DF4B1B3C0811005A881F /* Debug */ = {
			isa = XCBuildConfiguration;
			buildSettings = {
				ALWAYS_SEARCH_USER_PATHS = NO;
				CLANG_CXX_LANGUAGE_STANDARD = "gnu++0x";
				CLANG_CXX_LIBRARY = "libc++";
				CLANG_ENABLE_MODULES = YES;
				CLANG_ENABLE_OBJC_ARC = YES;
				CLANG_WARN_BOOL_CONVERSION = YES;
				CLANG_WARN_CONSTANT_CONVERSION = YES;
				CLANG_WARN_DIRECT_OBJC_ISA_USAGE = YES_ERROR;
				CLANG_WARN_EMPTY_BODY = YES;
				CLANG_WARN_ENUM_CONVERSION = YES;
				CLANG_WARN_INT_CONVERSION = YES;
				CLANG_WARN_OBJC_ROOT_CLASS = YES_ERROR;
				CLANG_WARN_UNREACHABLE_CODE = YES;
				CLANG_WARN__DUPLICATE_METHOD_MATCH = YES;
				"CODE_SIGN_IDENTITY[sdk=iphoneos*]" = "iPhone Developer";
				COPY_PHASE_STRIP = NO;
				DEBUG_INFORMATION_FORMAT = "dwarf-with-dsym";
				ENABLE_STRICT_OBJC_MSGSEND = YES;
				GCC_C_LANGUAGE_STANDARD = gnu99;
				GCC_DYNAMIC_NO_PIC = NO;
				GCC_NO_COMMON_BLOCKS = YES;
				GCC_OPTIMIZATION_LEVEL = 0;
				GCC_PREPROCESSOR_DEFINITIONS = (
					"DEBUG=1",
					"$(inherited)",
				);
				GCC_SYMBOLS_PRIVATE_EXTERN = NO;
				GCC_WARN_64_TO_32_BIT_CONVERSION = YES;
				GCC_WARN_ABOUT_RETURN_TYPE = YES_ERROR;
				GCC_WARN_UNDECLARED_SELECTOR = YES;
				GCC_WARN_UNINITIALIZED_AUTOS = YES_AGGRESSIVE;
				GCC_WARN_UNUSED_FUNCTION = YES;
				GCC_WARN_UNUSED_VARIABLE = YES;
				IPHONEOS_DEPLOYMENT_TARGET = 8.0;
				MTL_ENABLE_DEBUG_INFO = YES;
				ONLY_ACTIVE_ARCH = YES;
				SDKROOT = iphoneos;
				SWIFT_OPTIMIZATION_LEVEL = "-Onone";
			};
			name = Debug;
		};
		23B8DF4C1B3C0811005A881F /* Release */ = {
			isa = XCBuildConfiguration;
			buildSettings = {
				ALWAYS_SEARCH_USER_PATHS = NO;
				CLANG_CXX_LANGUAGE_STANDARD = "gnu++0x";
				CLANG_CXX_LIBRARY = "libc++";
				CLANG_ENABLE_MODULES = YES;
				CLANG_ENABLE_OBJC_ARC = YES;
				CLANG_WARN_BOOL_CONVERSION = YES;
				CLANG_WARN_CONSTANT_CONVERSION = YES;
				CLANG_WARN_DIRECT_OBJC_ISA_USAGE = YES_ERROR;
				CLANG_WARN_EMPTY_BODY = YES;
				CLANG_WARN_ENUM_CONVERSION = YES;
				CLANG_WARN_INT_CONVERSION = YES;
				CLANG_WARN_OBJC_ROOT_CLASS = YES_ERROR;
				CLANG_WARN_UNREACHABLE_CODE = YES;
				CLANG_WARN__DUPLICATE_METHOD_MATCH = YES;
				"CODE_SIGN_IDENTITY[sdk=iphoneos*]" = "iPhone Developer";
				COPY_PHASE_STRIP = NO;
				DEBUG_INFORMATION_FORMAT = "dwarf-with-dsym";
				ENABLE_NS_ASSERTIONS = NO;
				ENABLE_STRICT_OBJC_MSGSEND = YES;
				GCC_C_LANGUAGE_STANDARD = gnu99;
				GCC_NO_COMMON_BLOCKS = YES;
				GCC_WARN_64_TO_32_BIT_CONVERSION = YES;
				GCC_WARN_ABOUT_RETURN_TYPE = YES_ERROR;
				GCC_WARN_UNDECLARED_SELECTOR = YES;
				GCC_WARN_UNINITIALIZED_AUTOS = YES_AGGRESSIVE;
				GCC_WARN_UNUSED_FUNCTION = YES;
				GCC_WARN_UNUSED_VARIABLE = YES;
				IPHONEOS_DEPLOYMENT_TARGET = 8.0;
				MTL_ENABLE_DEBUG_INFO = NO;
				SDKROOT = iphoneos;
				VALIDATE_PRODUCT = YES;
			};
			name = Release;
		};
		23B8DF4E1B3C0811005A881F /* Debug */ = {
			isa = XCBuildConfiguration;
			buildSettings = {
				ASSETCATALOG_COMPILER_APPICON_NAME = AppIcon;
				CODE_SIGN_IDENTITY = "iPhone Developer";
				INFOPLIST_FILE = SwiftChart/Info.plist;
				IPHONEOS_DEPLOYMENT_TARGET = 8.0;
				LD_RUNPATH_SEARCH_PATHS = "$(inherited) @executable_path/Frameworks";
				PRODUCT_NAME = "$(TARGET_NAME)";
			};
			name = Debug;
		};
		23B8DF4F1B3C0811005A881F /* Release */ = {
			isa = XCBuildConfiguration;
			buildSettings = {
				ASSETCATALOG_COMPILER_APPICON_NAME = AppIcon;
				CODE_SIGN_IDENTITY = "iPhone Developer";
				INFOPLIST_FILE = SwiftChart/Info.plist;
				IPHONEOS_DEPLOYMENT_TARGET = 8.0;
				LD_RUNPATH_SEARCH_PATHS = "$(inherited) @executable_path/Frameworks";
				PRODUCT_NAME = "$(TARGET_NAME)";
			};
			name = Release;
		};
		23B8DF511B3C0811005A881F /* Debug */ = {
			isa = XCBuildConfiguration;
			buildSettings = {
				BUNDLE_LOADER = "$(TEST_HOST)";
				FRAMEWORK_SEARCH_PATHS = (
					"$(SDKROOT)/Developer/Library/Frameworks",
					"$(inherited)",
				);
				GCC_PREPROCESSOR_DEFINITIONS = (
					"DEBUG=1",
					"$(inherited)",
				);
				INFOPLIST_FILE = SwiftChartTests/Info.plist;
				LD_RUNPATH_SEARCH_PATHS = "$(inherited) @executable_path/Frameworks @loader_path/Frameworks";
				PRODUCT_NAME = "$(TARGET_NAME)";
				TEST_HOST = "$(BUILT_PRODUCTS_DIR)/SwiftChart.app/SwiftChart";
			};
			name = Debug;
		};
		23B8DF521B3C0811005A881F /* Release */ = {
			isa = XCBuildConfiguration;
			buildSettings = {
				BUNDLE_LOADER = "$(TEST_HOST)";
				FRAMEWORK_SEARCH_PATHS = (
					"$(SDKROOT)/Developer/Library/Frameworks",
					"$(inherited)",
				);
				INFOPLIST_FILE = SwiftChartTests/Info.plist;
				LD_RUNPATH_SEARCH_PATHS = "$(inherited) @executable_path/Frameworks @loader_path/Frameworks";
				PRODUCT_NAME = "$(TARGET_NAME)";
				TEST_HOST = "$(BUILT_PRODUCTS_DIR)/SwiftChart.app/SwiftChart";
			};
			name = Release;
		};
/* End XCBuildConfiguration section */

/* Begin XCConfigurationList section */
		23B8DF291B3C0811005A881F /* Build configuration list for PBXProject "SwiftChart" */ = {
			isa = XCConfigurationList;
			buildConfigurations = (
				23B8DF4B1B3C0811005A881F /* Debug */,
				23B8DF4C1B3C0811005A881F /* Release */,
			);
			defaultConfigurationIsVisible = 0;
			defaultConfigurationName = Release;
		};
		23B8DF4D1B3C0811005A881F /* Build configuration list for PBXNativeTarget "SwiftChart" */ = {
			isa = XCConfigurationList;
			buildConfigurations = (
				23B8DF4E1B3C0811005A881F /* Debug */,
				23B8DF4F1B3C0811005A881F /* Release */,
			);
			defaultConfigurationIsVisible = 0;
			defaultConfigurationName = Release;
		};
		23B8DF501B3C0811005A881F /* Build configuration list for PBXNativeTarget "SwiftChartTests" */ = {
			isa = XCConfigurationList;
			buildConfigurations = (
				23B8DF511B3C0811005A881F /* Debug */,
				23B8DF521B3C0811005A881F /* Release */,
			);
			defaultConfigurationIsVisible = 0;
			defaultConfigurationName = Release;
		};
/* End XCConfigurationList section */
	};
	rootObject = 23B8DF261B3C0811005A881F /* Project object */;
}
